
Microsoft Visual Studio Solution File, Format Version 12.00
# Visual Studio 15
VisualStudioVersion = 15.0.27703.1
MinimumVisualStudioVersion = 10.0.40219.1
Project("{FAE04EC0-301F-11D3-BF4B-00C04F79EFBC}") = "ET_EEG_LSL", "ET_EEG_LSL\ET_EEG_LSL.csproj", "{355C594D-FF53-4D6F-A903-292EBB111C85}"
EndProject
Project("{2150E333-8FDC-42A3-9474-1A3956D46DE8}") = "Solution Items", "Solution Items", "{1026782D-B631-4338-8DF2-AC453C04DFF4}"
EndProject
Global
	GlobalSection(SolutionConfigurationPlatforms) = preSolution
		Debug|Any CPU = Debug|Any CPU
		Debug|x64 = Debug|x64
		Release|Any CPU = Release|Any CPU
		Release|x64 = Release|x64
	EndGlobalSection
	GlobalSection(ProjectConfigurationPlatforms) = postSolution
		{355C594D-FF53-4D6F-A903-292EBB111C85}.Debug|Any CPU.ActiveCfg = Debug|Any CPU
		{355C594D-FF53-4D6F-A903-292EBB111C85}.Debug|Any CPU.Build.0 = Debug|Any CPU
		{355C594D-FF53-4D6F-A903-292EBB111C85}.Debug|x64.ActiveCfg = Debug|x64
		{355C594D-FF53-4D6F-A903-292EBB111C85}.Debug|x64.Build.0 = Debug|x64
		{355C594D-FF53-4D6F-A903-292EBB111C85}.Release|Any CPU.ActiveCfg = Release|Any CPU
		{355C594D-FF53-4D6F-A903-292EBB111C85}.Release|Any CPU.Build.0 = Release|Any CPU
		{355C594D-FF53-4D6F-A903-292EBB111C85}.Release|x64.ActiveCfg = Release|x64
		{355C594D-FF53-4D6F-A903-292EBB111C85}.Release|x64.Build.0 = Release|x64
	EndGlobalSection
	GlobalSection(SolutionProperties) = preSolution
		HideSolutionNode = FALSE
	EndGlobalSection
	GlobalSection(ExtensibilityGlobals) = postSolution
		SolutionGuid = {43E0612E-D7F4-4719-8AE9-DA78C9C1351C}
	EndGlobalSection
EndGlobal
